// !$*UTF8*$!
{
	archiveVersion = 1;
	classes = {
	};
	objectVersion = 48;
	objects = {

/* Begin PBXBuildFile section */
		9703870F1F06E707000EF0F6 /* AppDelegate.swift in Sources */ = {isa = PBXBuildFile; fileRef = 9703870E1F06E707000EF0F6 /* AppDelegate.swift */; };
		970387111F06E707000EF0F6 /* ViewController.swift in Sources */ = {isa = PBXBuildFile; fileRef = 970387101F06E707000EF0F6 /* ViewController.swift */; };
		970387171F06E707000EF0F6 /* Alexandria.xcdatamodeld in Sources */ = {isa = PBXBuildFile; fileRef = 970387151F06E707000EF0F6 /* Alexandria.xcdatamodeld */; };
		970387191F06E707000EF0F6 /* Assets.xcassets in Resources */ = {isa = PBXBuildFile; fileRef = 970387181F06E707000EF0F6 /* Assets.xcassets */; };
		9703871C1F06E707000EF0F6 /* LaunchScreen.storyboard in Resources */ = {isa = PBXBuildFile; fileRef = 9703871A1F06E707000EF0F6 /* LaunchScreen.storyboard */; };
		970387271F06E707000EF0F6 /* AlexandriaTests.swift in Sources */ = {isa = PBXBuildFile; fileRef = 970387261F06E707000EF0F6 /* AlexandriaTests.swift */; };
		970387321F06E707000EF0F6 /* AlexandriaUITests.swift in Sources */ = {isa = PBXBuildFile; fileRef = 970387311F06E707000EF0F6 /* AlexandriaUITests.swift */; };
		9705A2F41F192E0F00F5E808 /* String+Encoding.swift in Sources */ = {isa = PBXBuildFile; fileRef = 9705A2F31F192E0F00F5E808 /* String+Encoding.swift */; };
		9705A2F61F192E7000F5E808 /* AmazonClient.swift in Sources */ = {isa = PBXBuildFile; fileRef = 9705A2F51F192E7000F5E808 /* AmazonClient.swift */; };
		9705A2F81F192F3800F5E808 /* AmazonBookCover.swift in Sources */ = {isa = PBXBuildFile; fileRef = 9705A2F71F192F3800F5E808 /* AmazonBookCover.swift */; };
		9705A2F91F19385F00F5E808 /* SWXMLHash.framework in Frameworks */ = {isa = PBXBuildFile; fileRef = 9795B33A1F09806100419EC3 /* SWXMLHash.framework */; };
		9705A2FA1F19385F00F5E808 /* Locksmith.framework in Frameworks */ = {isa = PBXBuildFile; fileRef = 97F4A4151F0970020040DC1A /* Locksmith.framework */; };
		9705A2FB1F19385F00F5E808 /* CryptoSwift.framework in Frameworks */ = {isa = PBXBuildFile; fileRef = 97C42CF61F1928C600E7B3EE /* CryptoSwift.framework */; };
		972C2E301F0AC16000DBBF99 /* GoodreadsReview.swift in Sources */ = {isa = PBXBuildFile; fileRef = 972C2E2F1F0AC16000DBBF99 /* GoodreadsReview.swift */; };
		972C2E321F0AC43700DBBF99 /* GoodreadsBook.swift in Sources */ = {isa = PBXBuildFile; fileRef = 972C2E311F0AC43700DBBF99 /* GoodreadsBook.swift */; };
		972C2E341F0AC67300DBBF99 /* GoodreadsAuthor.swift in Sources */ = {isa = PBXBuildFile; fileRef = 972C2E331F0AC67300DBBF99 /* GoodreadsAuthor.swift */; };
		97651D231F2BB91200E11E92 /* ListDataSource.swift in Sources */ = {isa = PBXBuildFile; fileRef = 97651D221F2BB91200E11E92 /* ListDataSource.swift */; };
		978BDD291F2B895200F3A52C /* ShelvesListHeaderView.swift in Sources */ = {isa = PBXBuildFile; fileRef = 978BDD281F2B895200F3A52C /* ShelvesListHeaderView.swift */; };
		978BDD2D1F2B990300F3A52C /* ListCoordinator.swift in Sources */ = {isa = PBXBuildFile; fileRef = 978BDD2C1F2B990300F3A52C /* ListCoordinator.swift */; };
		978BDD2F1F2B9D1D00F3A52C /* ListController.swift in Sources */ = {isa = PBXBuildFile; fileRef = 978BDD2E1F2B9D1D00F3A52C /* ListController.swift */; };
		9795B33D1F09B8CF00419EC3 /* Coordinator.swift in Sources */ = {isa = PBXBuildFile; fileRef = 9795B33C1F09B8CF00419EC3 /* Coordinator.swift */; };
		9795B3401F09B97000419EC3 /* CoreDataStack.swift in Sources */ = {isa = PBXBuildFile; fileRef = 9795B33F1F09B97000419EC3 /* CoreDataStack.swift */; };
		9795B3431F09BB7400419EC3 /* AppCoordinator.swift in Sources */ = {isa = PBXBuildFile; fileRef = 9795B3421F09BB7400419EC3 /* AppCoordinator.swift */; };
		9795B3451F09BDB900419EC3 /* ShelfController.swift in Sources */ = {isa = PBXBuildFile; fileRef = 9795B3441F09BDB900419EC3 /* ShelfController.swift */; };
		9795B3481F09BF7900419EC3 /* Goodreads.swift in Sources */ = {isa = PBXBuildFile; fileRef = 9795B3471F09BF7900419EC3 /* Goodreads.swift */; };
		9795B34A1F09BFA300419EC3 /* URLQueryItem+Extensions.swift in Sources */ = {isa = PBXBuildFile; fileRef = 9795B3491F09BFA300419EC3 /* URLQueryItem+Extensions.swift */; };
		9795B34C1F09C01E00419EC3 /* Endpoint.swift in Sources */ = {isa = PBXBuildFile; fileRef = 9795B34B1F09C01E00419EC3 /* Endpoint.swift */; };
		9795B34E1F09C22A00419EC3 /* GoodreadsClient.swift in Sources */ = {isa = PBXBuildFile; fileRef = 9795B34D1F09C22A00419EC3 /* GoodreadsClient.swift */; };
		9795B3501F09C24000419EC3 /* Result.swift in Sources */ = {isa = PBXBuildFile; fileRef = 9795B34F1F09C24000419EC3 /* Result.swift */; };
		9795B3521F0A75B500419EC3 /* APIError.swift in Sources */ = {isa = PBXBuildFile; fileRef = 9795B3511F0A75B500419EC3 /* APIError.swift */; };
		9795B3541F0A769B00419EC3 /* GoodreadsUser.swift in Sources */ = {isa = PBXBuildFile; fileRef = 9795B3531F0A769B00419EC3 /* GoodreadsUser.swift */; };
		97AF9A4D1F0FFCE000337F99 /* SmallBookCoverDownloadOperation.swift in Sources */ = {isa = PBXBuildFile; fileRef = 97AF9A4C1F0FFCE000337F99 /* SmallBookCoverDownloadOperation.swift */; };
		97AF9A4F1F1007FE00337F99 /* BookCoverDownloadOperation.swift in Sources */ = {isa = PBXBuildFile; fileRef = 97AF9A4E1F1007FE00337F99 /* BookCoverDownloadOperation.swift */; };
		97AF9A511F10206500337F99 /* GoodreadsWork.swift in Sources */ = {isa = PBXBuildFile; fileRef = 97AF9A501F10206500337F99 /* GoodreadsWork.swift */; };
		97AF9A531F1031BB00337F99 /* Array+Helpers.swift in Sources */ = {isa = PBXBuildFile; fileRef = 97AF9A521F1031BB00337F99 /* Array+Helpers.swift */; };
		97B626641F06FDB500A07463 /* OAuthSwift.framework in Frameworks */ = {isa = PBXBuildFile; fileRef = 970387451F06F86C000EF0F6 /* OAuthSwift.framework */; };
		97C0348C1F1979A1005AB8A8 /* CurrentlyReadingCell.swift in Sources */ = {isa = PBXBuildFile; fileRef = 97C0348B1F1979A1005AB8A8 /* CurrentlyReadingCell.swift */; };
		97C2E6191F0FD30000EC8977 /* LoadAllShelvesOperation.swift in Sources */ = {isa = PBXBuildFile; fileRef = 97C2E6181F0FD30000EC8977 /* LoadAllShelvesOperation.swift */; };
		97C2E61B1F0FE43300EC8977 /* ListCell.swift in Sources */ = {isa = PBXBuildFile; fileRef = 97C2E61A1F0FE43300EC8977 /* ListCell.swift */; };
		97C2E61D1F0FE5CD00EC8977 /* ListCollectionView.swift in Sources */ = {isa = PBXBuildFile; fileRef = 97C2E61C1F0FE5CD00EC8977 /* ListCollectionView.swift */; };
		97CE71D31F0F2B7500E955E5 /* ShelfListDataSource.swift in Sources */ = {isa = PBXBuildFile; fileRef = 97CE71D21F0F2B7500E955E5 /* ShelfListDataSource.swift */; };
		97CE71D51F0F2CCB00E955E5 /* Shelf.swift in Sources */ = {isa = PBXBuildFile; fileRef = 97CE71D41F0F2CCB00E955E5 /* Shelf.swift */; };
		97CE71D71F0F2EB200E955E5 /* BookCell.swift in Sources */ = {isa = PBXBuildFile; fileRef = 97CE71D61F0F2EB200E955E5 /* BookCell.swift */; };
		97CE71DA1F0FAC0E00E955E5 /* AllShelvesOperation.swift in Sources */ = {isa = PBXBuildFile; fileRef = 97CE71D91F0FAC0E00E955E5 /* AllShelvesOperation.swift */; };
		97CE71DC1F0FAC1C00E955E5 /* AsynchronousOperation.swift in Sources */ = {isa = PBXBuildFile; fileRef = 97CE71DB1F0FAC1C00E955E5 /* AsynchronousOperation.swift */; };
		97CE71DE1F0FB03700E955E5 /* ShelfReviewsOperation.swift in Sources */ = {isa = PBXBuildFile; fileRef = 97CE71DD1F0FB03700E955E5 /* ShelfReviewsOperation.swift */; };
		97E319B81F0A871700D6177B /* GoodreadsKeychain.swift in Sources */ = {isa = PBXBuildFile; fileRef = 97E319B71F0A871700D6177B /* GoodreadsKeychain.swift */; };
		97E319BA1F0A8C5100D6177B /* ShelfCoordinator.swift in Sources */ = {isa = PBXBuildFile; fileRef = 97E319B91F0A8C5100D6177B /* ShelfCoordinator.swift */; };
		97E319BD1F0A8E4400D6177B /* AuthenticationCoordinator.swift in Sources */ = {isa = PBXBuildFile; fileRef = 97E319BC1F0A8E4400D6177B /* AuthenticationCoordinator.swift */; };
		97E319BF1F0A9CF500D6177B /* GoodreadsShelf.swift in Sources */ = {isa = PBXBuildFile; fileRef = 97E319BE1F0A9CF500D6177B /* GoodreadsShelf.swift */; };
		97EB7E041F223135008360DE /* DelayAsyncOperation.swift in Sources */ = {isa = PBXBuildFile; fileRef = 97EB7E031F223135008360DE /* DelayAsyncOperation.swift */; };
		97F4A4141F096F3B0040DC1A /* GoodreadsAccount.swift in Sources */ = {isa = PBXBuildFile; fileRef = 97F4A4131F096F3B0040DC1A /* GoodreadsAccount.swift */; };
		97F4A4171F0972980040DC1A /* LoginViewController.swift in Sources */ = {isa = PBXBuildFile; fileRef = 97F4A4161F0972980040DC1A /* LoginViewController.swift */; };
		97FE596F1F16E59B0027FC1F /* AmazonProductAdvertising.swift in Sources */ = {isa = PBXBuildFile; fileRef = 97FE596E1F16E59B0027FC1F /* AmazonProductAdvertising.swift */; };
/* End PBXBuildFile section */

/* Begin PBXContainerItemProxy section */
		970387231F06E707000EF0F6 /* PBXContainerItemProxy */ = {
			isa = PBXContainerItemProxy;
			containerPortal = 970387031F06E707000EF0F6 /* Project object */;
			proxyType = 1;
			remoteGlobalIDString = 9703870A1F06E707000EF0F6;
			remoteInfo = Alexandria;
		};
		9703872E1F06E707000EF0F6 /* PBXContainerItemProxy */ = {
			isa = PBXContainerItemProxy;
			containerPortal = 970387031F06E707000EF0F6 /* Project object */;
			proxyType = 1;
			remoteGlobalIDString = 9703870A1F06E707000EF0F6;
			remoteInfo = Alexandria;
		};
/* End PBXContainerItemProxy section */

/* Begin PBXFileReference section */
		9703870B1F06E707000EF0F6 /* Alexandria.app */ = {isa = PBXFileReference; explicitFileType = wrapper.application; includeInIndex = 0; path = Alexandria.app; sourceTree = BUILT_PRODUCTS_DIR; };
		9703870E1F06E707000EF0F6 /* AppDelegate.swift */ = {isa = PBXFileReference; lastKnownFileType = sourcecode.swift; path = AppDelegate.swift; sourceTree = "<group>"; };
		970387101F06E707000EF0F6 /* ViewController.swift */ = {isa = PBXFileReference; lastKnownFileType = sourcecode.swift; path = ViewController.swift; sourceTree = "<group>"; };
		970387161F06E707000EF0F6 /* Alexandria.xcdatamodel */ = {isa = PBXFileReference; lastKnownFileType = wrapper.xcdatamodel; path = Alexandria.xcdatamodel; sourceTree = "<group>"; };
		970387181F06E707000EF0F6 /* Assets.xcassets */ = {isa = PBXFileReference; lastKnownFileType = folder.assetcatalog; path = Assets.xcassets; sourceTree = "<group>"; };
		9703871B1F06E707000EF0F6 /* Base */ = {isa = PBXFileReference; lastKnownFileType = file.storyboard; name = Base; path = Base.lproj/LaunchScreen.storyboard; sourceTree = "<group>"; };
		9703871D1F06E707000EF0F6 /* Info.plist */ = {isa = PBXFileReference; lastKnownFileType = text.plist.xml; path = Info.plist; sourceTree = "<group>"; };
		970387221F06E707000EF0F6 /* AlexandriaTests.xctest */ = {isa = PBXFileReference; explicitFileType = wrapper.cfbundle; includeInIndex = 0; path = AlexandriaTests.xctest; sourceTree = BUILT_PRODUCTS_DIR; };
		970387261F06E707000EF0F6 /* AlexandriaTests.swift */ = {isa = PBXFileReference; lastKnownFileType = sourcecode.swift; path = AlexandriaTests.swift; sourceTree = "<group>"; };
		970387281F06E707000EF0F6 /* Info.plist */ = {isa = PBXFileReference; lastKnownFileType = text.plist.xml; path = Info.plist; sourceTree = "<group>"; };
		9703872D1F06E707000EF0F6 /* AlexandriaUITests.xctest */ = {isa = PBXFileReference; explicitFileType = wrapper.cfbundle; includeInIndex = 0; path = AlexandriaUITests.xctest; sourceTree = BUILT_PRODUCTS_DIR; };
		970387311F06E707000EF0F6 /* AlexandriaUITests.swift */ = {isa = PBXFileReference; lastKnownFileType = sourcecode.swift; path = AlexandriaUITests.swift; sourceTree = "<group>"; };
		970387331F06E707000EF0F6 /* Info.plist */ = {isa = PBXFileReference; lastKnownFileType = text.plist.xml; path = Info.plist; sourceTree = "<group>"; };
		9703873F1F06E782000EF0F6 /* README.md */ = {isa = PBXFileReference; lastKnownFileType = net.daringfireball.markdown; path = README.md; sourceTree = "<group>"; };
		970387451F06F86C000EF0F6 /* OAuthSwift.framework */ = {isa = PBXFileReference; lastKnownFileType = wrapper.framework; name = OAuthSwift.framework; path = Carthage/Build/iOS/OAuthSwift.framework; sourceTree = "<group>"; };
		9705A2F31F192E0F00F5E808 /* String+Encoding.swift */ = {isa = PBXFileReference; lastKnownFileType = sourcecode.swift; path = "String+Encoding.swift"; sourceTree = "<group>"; };
		9705A2F51F192E7000F5E808 /* AmazonClient.swift */ = {isa = PBXFileReference; lastKnownFileType = sourcecode.swift; path = AmazonClient.swift; sourceTree = "<group>"; };
		9705A2F71F192F3800F5E808 /* AmazonBookCover.swift */ = {isa = PBXFileReference; lastKnownFileType = sourcecode.swift; path = AmazonBookCover.swift; sourceTree = "<group>"; };
		972C2E2F1F0AC16000DBBF99 /* GoodreadsReview.swift */ = {isa = PBXFileReference; lastKnownFileType = sourcecode.swift; path = GoodreadsReview.swift; sourceTree = "<group>"; };
		972C2E311F0AC43700DBBF99 /* GoodreadsBook.swift */ = {isa = PBXFileReference; lastKnownFileType = sourcecode.swift; path = GoodreadsBook.swift; sourceTree = "<group>"; };
		972C2E331F0AC67300DBBF99 /* GoodreadsAuthor.swift */ = {isa = PBXFileReference; lastKnownFileType = sourcecode.swift; path = GoodreadsAuthor.swift; sourceTree = "<group>"; };
		97651D221F2BB91200E11E92 /* ListDataSource.swift */ = {isa = PBXFileReference; lastKnownFileType = sourcecode.swift; path = ListDataSource.swift; sourceTree = "<group>"; };
		978BDD281F2B895200F3A52C /* ShelvesListHeaderView.swift */ = {isa = PBXFileReference; lastKnownFileType = sourcecode.swift; path = ShelvesListHeaderView.swift; sourceTree = "<group>"; };
		978BDD2C1F2B990300F3A52C /* ListCoordinator.swift */ = {isa = PBXFileReference; lastKnownFileType = sourcecode.swift; path = ListCoordinator.swift; sourceTree = "<group>"; };
		978BDD2E1F2B9D1D00F3A52C /* ListController.swift */ = {isa = PBXFileReference; lastKnownFileType = sourcecode.swift; path = ListController.swift; sourceTree = "<group>"; };
		9795B33A1F09806100419EC3 /* SWXMLHash.framework */ = {isa = PBXFileReference; lastKnownFileType = wrapper.framework; name = SWXMLHash.framework; path = Carthage/Build/iOS/SWXMLHash.framework; sourceTree = "<group>"; };
		9795B33C1F09B8CF00419EC3 /* Coordinator.swift */ = {isa = PBXFileReference; lastKnownFileType = sourcecode.swift; path = Coordinator.swift; sourceTree = "<group>"; };
		9795B33F1F09B97000419EC3 /* CoreDataStack.swift */ = {isa = PBXFileReference; lastKnownFileType = sourcecode.swift; path = CoreDataStack.swift; sourceTree = "<group>"; };
		9795B3421F09BB7400419EC3 /* AppCoordinator.swift */ = {isa = PBXFileReference; lastKnownFileType = sourcecode.swift; path = AppCoordinator.swift; sourceTree = "<group>"; };
		9795B3441F09BDB900419EC3 /* ShelfController.swift */ = {isa = PBXFileReference; lastKnownFileType = sourcecode.swift; path = ShelfController.swift; sourceTree = "<group>"; };
		9795B3471F09BF7900419EC3 /* Goodreads.swift */ = {isa = PBXFileReference; lastKnownFileType = sourcecode.swift; path = Goodreads.swift; sourceTree = "<group>"; };
		9795B3491F09BFA300419EC3 /* URLQueryItem+Extensions.swift */ = {isa = PBXFileReference; lastKnownFileType = sourcecode.swift; path = "URLQueryItem+Extensions.swift"; sourceTree = "<group>"; };
		9795B34B1F09C01E00419EC3 /* Endpoint.swift */ = {isa = PBXFileReference; lastKnownFileType = sourcecode.swift; path = Endpoint.swift; sourceTree = "<group>"; };
		9795B34D1F09C22A00419EC3 /* GoodreadsClient.swift */ = {isa = PBXFileReference; lastKnownFileType = sourcecode.swift; path = GoodreadsClient.swift; sourceTree = "<group>"; };
		9795B34F1F09C24000419EC3 /* Result.swift */ = {isa = PBXFileReference; lastKnownFileType = sourcecode.swift; path = Result.swift; sourceTree = "<group>"; };
		9795B3511F0A75B500419EC3 /* APIError.swift */ = {isa = PBXFileReference; lastKnownFileType = sourcecode.swift; path = APIError.swift; sourceTree = "<group>"; };
		9795B3531F0A769B00419EC3 /* GoodreadsUser.swift */ = {isa = PBXFileReference; lastKnownFileType = sourcecode.swift; path = GoodreadsUser.swift; sourceTree = "<group>"; };
		97AF9A4C1F0FFCE000337F99 /* SmallBookCoverDownloadOperation.swift */ = {isa = PBXFileReference; lastKnownFileType = sourcecode.swift; path = SmallBookCoverDownloadOperation.swift; sourceTree = "<group>"; };
		97AF9A4E1F1007FE00337F99 /* BookCoverDownloadOperation.swift */ = {isa = PBXFileReference; lastKnownFileType = sourcecode.swift; path = BookCoverDownloadOperation.swift; sourceTree = "<group>"; };
		97AF9A501F10206500337F99 /* GoodreadsWork.swift */ = {isa = PBXFileReference; lastKnownFileType = sourcecode.swift; path = GoodreadsWork.swift; sourceTree = "<group>"; };
		97AF9A521F1031BB00337F99 /* Array+Helpers.swift */ = {isa = PBXFileReference; lastKnownFileType = sourcecode.swift; path = "Array+Helpers.swift"; sourceTree = "<group>"; };
		97C0348B1F1979A1005AB8A8 /* CurrentlyReadingCell.swift */ = {isa = PBXFileReference; lastKnownFileType = sourcecode.swift; path = CurrentlyReadingCell.swift; sourceTree = "<group>"; };
		97C2E6181F0FD30000EC8977 /* LoadAllShelvesOperation.swift */ = {isa = PBXFileReference; lastKnownFileType = sourcecode.swift; path = LoadAllShelvesOperation.swift; sourceTree = "<group>"; };
		97C2E61A1F0FE43300EC8977 /* ListCell.swift */ = {isa = PBXFileReference; lastKnownFileType = sourcecode.swift; path = ListCell.swift; sourceTree = "<group>"; };
		97C2E61C1F0FE5CD00EC8977 /* ListCollectionView.swift */ = {isa = PBXFileReference; lastKnownFileType = sourcecode.swift; path = ListCollectionView.swift; sourceTree = "<group>"; };
		97C42CF61F1928C600E7B3EE /* CryptoSwift.framework */ = {isa = PBXFileReference; lastKnownFileType = wrapper.framework; name = CryptoSwift.framework; path = Carthage/Build/iOS/CryptoSwift.framework; sourceTree = "<group>"; };
		97CE71D21F0F2B7500E955E5 /* ShelfListDataSource.swift */ = {isa = PBXFileReference; lastKnownFileType = sourcecode.swift; path = ShelfListDataSource.swift; sourceTree = "<group>"; };
		97CE71D41F0F2CCB00E955E5 /* Shelf.swift */ = {isa = PBXFileReference; lastKnownFileType = sourcecode.swift; path = Shelf.swift; sourceTree = "<group>"; };
		97CE71D61F0F2EB200E955E5 /* BookCell.swift */ = {isa = PBXFileReference; lastKnownFileType = sourcecode.swift; path = BookCell.swift; sourceTree = "<group>"; };
		97CE71D91F0FAC0E00E955E5 /* AllShelvesOperation.swift */ = {isa = PBXFileReference; lastKnownFileType = sourcecode.swift; path = AllShelvesOperation.swift; sourceTree = "<group>"; };
		97CE71DB1F0FAC1C00E955E5 /* AsynchronousOperation.swift */ = {isa = PBXFileReference; lastKnownFileType = sourcecode.swift; path = AsynchronousOperation.swift; sourceTree = "<group>"; };
		97CE71DD1F0FB03700E955E5 /* ShelfReviewsOperation.swift */ = {isa = PBXFileReference; lastKnownFileType = sourcecode.swift; path = ShelfReviewsOperation.swift; sourceTree = "<group>"; };
		97E319B71F0A871700D6177B /* GoodreadsKeychain.swift */ = {isa = PBXFileReference; lastKnownFileType = sourcecode.swift; path = GoodreadsKeychain.swift; sourceTree = "<group>"; };
		97E319B91F0A8C5100D6177B /* ShelfCoordinator.swift */ = {isa = PBXFileReference; lastKnownFileType = sourcecode.swift; path = ShelfCoordinator.swift; sourceTree = "<group>"; };
		97E319BC1F0A8E4400D6177B /* AuthenticationCoordinator.swift */ = {isa = PBXFileReference; lastKnownFileType = sourcecode.swift; path = AuthenticationCoordinator.swift; sourceTree = "<group>"; };
		97E319BE1F0A9CF500D6177B /* GoodreadsShelf.swift */ = {isa = PBXFileReference; lastKnownFileType = sourcecode.swift; path = GoodreadsShelf.swift; sourceTree = "<group>"; };
		97EB7E031F223135008360DE /* DelayAsyncOperation.swift */ = {isa = PBXFileReference; lastKnownFileType = sourcecode.swift; path = DelayAsyncOperation.swift; sourceTree = "<group>"; };
		97F4A4131F096F3B0040DC1A /* GoodreadsAccount.swift */ = {isa = PBXFileReference; lastKnownFileType = sourcecode.swift; path = GoodreadsAccount.swift; sourceTree = "<group>"; };
		97F4A4151F0970020040DC1A /* Locksmith.framework */ = {isa = PBXFileReference; lastKnownFileType = wrapper.framework; name = Locksmith.framework; path = Carthage/Build/iOS/Locksmith.framework; sourceTree = "<group>"; };
		97F4A4161F0972980040DC1A /* LoginViewController.swift */ = {isa = PBXFileReference; lastKnownFileType = sourcecode.swift; path = LoginViewController.swift; sourceTree = "<group>"; };
		97FE596E1F16E59B0027FC1F /* AmazonProductAdvertising.swift */ = {isa = PBXFileReference; lastKnownFileType = sourcecode.swift; path = AmazonProductAdvertising.swift; sourceTree = "<group>"; };
/* End PBXFileReference section */

/* Begin PBXFrameworksBuildPhase section */
		970387081F06E707000EF0F6 /* Frameworks */ = {
			isa = PBXFrameworksBuildPhase;
			buildActionMask = 2147483647;
			files = (
				9705A2F91F19385F00F5E808 /* SWXMLHash.framework in Frameworks */,
				97B626641F06FDB500A07463 /* OAuthSwift.framework in Frameworks */,
				9705A2FA1F19385F00F5E808 /* Locksmith.framework in Frameworks */,
				9705A2FB1F19385F00F5E808 /* CryptoSwift.framework in Frameworks */,
			);
			runOnlyForDeploymentPostprocessing = 0;
		};
		9703871F1F06E707000EF0F6 /* Frameworks */ = {
			isa = PBXFrameworksBuildPhase;
			buildActionMask = 2147483647;
			files = (
			);
			runOnlyForDeploymentPostprocessing = 0;
		};
		9703872A1F06E707000EF0F6 /* Frameworks */ = {
			isa = PBXFrameworksBuildPhase;
			buildActionMask = 2147483647;
			files = (
			);
			runOnlyForDeploymentPostprocessing = 0;
		};
/* End PBXFrameworksBuildPhase section */

/* Begin PBXGroup section */
		970387021F06E707000EF0F6 = {
			isa = PBXGroup;
			children = (
				9703873F1F06E782000EF0F6 /* README.md */,
				9703870D1F06E707000EF0F6 /* Alexandria */,
				970387251F06E707000EF0F6 /* AlexandriaTests */,
				970387301F06E707000EF0F6 /* AlexandriaUITests */,
				9703870C1F06E707000EF0F6 /* Products */,
				970387441F06F86B000EF0F6 /* Frameworks */,
			);
			sourceTree = "<group>";
		};
		9703870C1F06E707000EF0F6 /* Products */ = {
			isa = PBXGroup;
			children = (
				9703870B1F06E707000EF0F6 /* Alexandria.app */,
				970387221F06E707000EF0F6 /* AlexandriaTests.xctest */,
				9703872D1F06E707000EF0F6 /* AlexandriaUITests.xctest */,
			);
			name = Products;
			sourceTree = "<group>";
		};
		9703870D1F06E707000EF0F6 /* Alexandria */ = {
			isa = PBXGroup;
			children = (
				9795B33B1F09B8C100419EC3 /* Shared */,
				9703870E1F06E707000EF0F6 /* AppDelegate.swift */,
				9795B3421F09BB7400419EC3 /* AppCoordinator.swift */,
				9795B3461F09BE8800419EC3 /* Shelves */,
				978BDD2B1F2B98F000F3A52C /* List */,
				97E319BB1F0A8E3300D6177B /* Authentication */,
				970387101F06E707000EF0F6 /* ViewController.swift */,
				970387181F06E707000EF0F6 /* Assets.xcassets */,
				9703871A1F06E707000EF0F6 /* LaunchScreen.storyboard */,
				9703871D1F06E707000EF0F6 /* Info.plist */,
				970387151F06E707000EF0F6 /* Alexandria.xcdatamodeld */,
			);
			path = Alexandria;
			sourceTree = "<group>";
		};
		970387251F06E707000EF0F6 /* AlexandriaTests */ = {
			isa = PBXGroup;
			children = (
				970387261F06E707000EF0F6 /* AlexandriaTests.swift */,
				970387281F06E707000EF0F6 /* Info.plist */,
			);
			path = AlexandriaTests;
			sourceTree = "<group>";
		};
		970387301F06E707000EF0F6 /* AlexandriaUITests */ = {
			isa = PBXGroup;
			children = (
				970387311F06E707000EF0F6 /* AlexandriaUITests.swift */,
				970387331F06E707000EF0F6 /* Info.plist */,
			);
			path = AlexandriaUITests;
			sourceTree = "<group>";
		};
		970387441F06F86B000EF0F6 /* Frameworks */ = {
			isa = PBXGroup;
			children = (
				97C42CF61F1928C600E7B3EE /* CryptoSwift.framework */,
				9795B33A1F09806100419EC3 /* SWXMLHash.framework */,
				97F4A4151F0970020040DC1A /* Locksmith.framework */,
				970387451F06F86C000EF0F6 /* OAuthSwift.framework */,
			);
			name = Frameworks;
			sourceTree = "<group>";
		};
		978BDD2B1F2B98F000F3A52C /* List */ = {
			isa = PBXGroup;
			children = (
				978BDD2C1F2B990300F3A52C /* ListCoordinator.swift */,
				978BDD2E1F2B9D1D00F3A52C /* ListController.swift */,
				97651D221F2BB91200E11E92 /* ListDataSource.swift */,
			);
			path = List;
			sourceTree = "<group>";
		};
		9795B33B1F09B8C100419EC3 /* Shared */ = {
			isa = PBXGroup;
			children = (
				9795B33E1F09B96700419EC3 /* Core Data */,
				9795B33C1F09B8CF00419EC3 /* Coordinator.swift */,
				97E319B51F0A86AA00D6177B /* Networking */,
				97E319B61F0A86B300D6177B /* Models */,
				97AF9A521F1031BB00337F99 /* Array+Helpers.swift */,
			);
			path = Shared;
			sourceTree = "<group>";
		};
		9795B33E1F09B96700419EC3 /* Core Data */ = {
			isa = PBXGroup;
			children = (
				9795B33F1F09B97000419EC3 /* CoreDataStack.swift */,
			);
			path = "Core Data";
			sourceTree = "<group>";
		};
		9795B3461F09BE8800419EC3 /* Shelves */ = {
			isa = PBXGroup;
			children = (
				97E319B91F0A8C5100D6177B /* ShelfCoordinator.swift */,
				9795B3441F09BDB900419EC3 /* ShelfController.swift */,
				97CE71D21F0F2B7500E955E5 /* ShelfListDataSource.swift */,
				97CE71D81F0FABF800E955E5 /* Operations */,
				97C2E61A1F0FE43300EC8977 /* ListCell.swift */,
				97CE71D61F0F2EB200E955E5 /* BookCell.swift */,
				97C0348B1F1979A1005AB8A8 /* CurrentlyReadingCell.swift */,
				97C2E61C1F0FE5CD00EC8977 /* ListCollectionView.swift */,
				978BDD281F2B895200F3A52C /* ShelvesListHeaderView.swift */,
			);
			path = Shelves;
			sourceTree = "<group>";
		};
		97CE71D81F0FABF800E955E5 /* Operations */ = {
			isa = PBXGroup;
			children = (
				97CE71D91F0FAC0E00E955E5 /* AllShelvesOperation.swift */,
				97CE71DD1F0FB03700E955E5 /* ShelfReviewsOperation.swift */,
				97C2E6181F0FD30000EC8977 /* LoadAllShelvesOperation.swift */,
				97AF9A4C1F0FFCE000337F99 /* SmallBookCoverDownloadOperation.swift */,
				97AF9A4E1F1007FE00337F99 /* BookCoverDownloadOperation.swift */,
			);
			path = Operations;
			sourceTree = "<group>";
		};
		97E319B51F0A86AA00D6177B /* Networking */ = {
			isa = PBXGroup;
			children = (
				9795B34B1F09C01E00419EC3 /* Endpoint.swift */,
				9795B34F1F09C24000419EC3 /* Result.swift */,
				9795B3511F0A75B500419EC3 /* APIError.swift */,
				9795B3471F09BF7900419EC3 /* Goodreads.swift */,
				9795B34D1F09C22A00419EC3 /* GoodreadsClient.swift */,
				97FE596E1F16E59B0027FC1F /* AmazonProductAdvertising.swift */,
				9705A2F51F192E7000F5E808 /* AmazonClient.swift */,
				9705A2F31F192E0F00F5E808 /* String+Encoding.swift */,
				9795B3491F09BFA300419EC3 /* URLQueryItem+Extensions.swift */,
				97CE71DB1F0FAC1C00E955E5 /* AsynchronousOperation.swift */,
				97EB7E031F223135008360DE /* DelayAsyncOperation.swift */,
			);
			path = Networking;
			sourceTree = "<group>";
		};
		97E319B61F0A86B300D6177B /* Models */ = {
			isa = PBXGroup;
			children = (
				97E319B71F0A871700D6177B /* GoodreadsKeychain.swift */,
				9795B3531F0A769B00419EC3 /* GoodreadsUser.swift */,
				97F4A4131F096F3B0040DC1A /* GoodreadsAccount.swift */,
				97E319BE1F0A9CF500D6177B /* GoodreadsShelf.swift */,
				972C2E2F1F0AC16000DBBF99 /* GoodreadsReview.swift */,
				972C2E311F0AC43700DBBF99 /* GoodreadsBook.swift */,
				972C2E331F0AC67300DBBF99 /* GoodreadsAuthor.swift */,
				97AF9A501F10206500337F99 /* GoodreadsWork.swift */,
				97CE71D41F0F2CCB00E955E5 /* Shelf.swift */,
				9705A2F71F192F3800F5E808 /* AmazonBookCover.swift */,
			);
			path = Models;
			sourceTree = "<group>";
		};
		97E319BB1F0A8E3300D6177B /* Authentication */ = {
			isa = PBXGroup;
			children = (
				97E319BC1F0A8E4400D6177B /* AuthenticationCoordinator.swift */,
				97F4A4161F0972980040DC1A /* LoginViewController.swift */,
			);
			path = Authentication;
			sourceTree = "<group>";
		};
/* End PBXGroup section */

/* Begin PBXNativeTarget section */
		9703870A1F06E707000EF0F6 /* Alexandria */ = {
			isa = PBXNativeTarget;
			buildConfigurationList = 970387361F06E707000EF0F6 /* Build configuration list for PBXNativeTarget "Alexandria" */;
			buildPhases = (
				970387071F06E707000EF0F6 /* Sources */,
				970387081F06E707000EF0F6 /* Frameworks */,
				970387091F06E707000EF0F6 /* Resources */,
				97B626631F06F95800A07463 /* ShellScript */,
				9795B3411F09BB5400419EC3 /* Commit Logging */,
			);
			buildRules = (
			);
			dependencies = (
			);
			name = Alexandria;
			productName = Alexandria;
			productReference = 9703870B1F06E707000EF0F6 /* Alexandria.app */;
			productType = "com.apple.product-type.application";
		};
		970387211F06E707000EF0F6 /* AlexandriaTests */ = {
			isa = PBXNativeTarget;
			buildConfigurationList = 970387391F06E707000EF0F6 /* Build configuration list for PBXNativeTarget "AlexandriaTests" */;
			buildPhases = (
				9703871E1F06E707000EF0F6 /* Sources */,
				9703871F1F06E707000EF0F6 /* Frameworks */,
				970387201F06E707000EF0F6 /* Resources */,
			);
			buildRules = (
			);
			dependencies = (
				970387241F06E707000EF0F6 /* PBXTargetDependency */,
			);
			name = AlexandriaTests;
			productName = AlexandriaTests;
			productReference = 970387221F06E707000EF0F6 /* AlexandriaTests.xctest */;
			productType = "com.apple.product-type.bundle.unit-test";
		};
		9703872C1F06E707000EF0F6 /* AlexandriaUITests */ = {
			isa = PBXNativeTarget;
			buildConfigurationList = 9703873C1F06E707000EF0F6 /* Build configuration list for PBXNativeTarget "AlexandriaUITests" */;
			buildPhases = (
				970387291F06E707000EF0F6 /* Sources */,
				9703872A1F06E707000EF0F6 /* Frameworks */,
				9703872B1F06E707000EF0F6 /* Resources */,
			);
			buildRules = (
			);
			dependencies = (
				9703872F1F06E707000EF0F6 /* PBXTargetDependency */,
			);
			name = AlexandriaUITests;
			productName = AlexandriaUITests;
			productReference = 9703872D1F06E707000EF0F6 /* AlexandriaUITests.xctest */;
			productType = "com.apple.product-type.bundle.ui-testing";
		};
/* End PBXNativeTarget section */

/* Begin PBXProject section */
		970387031F06E707000EF0F6 /* Project object */ = {
			isa = PBXProject;
			attributes = {
				LastSwiftUpdateCheck = 0900;
				LastUpgradeCheck = 0900;
				ORGANIZATIONNAME = "Pasan Premaratne";
				TargetAttributes = {
					9703870A1F06E707000EF0F6 = {
						CreatedOnToolsVersion = 9.0;
					};
					970387211F06E707000EF0F6 = {
						CreatedOnToolsVersion = 9.0;
						TestTargetID = 9703870A1F06E707000EF0F6;
					};
					9703872C1F06E707000EF0F6 = {
						CreatedOnToolsVersion = 9.0;
						TestTargetID = 9703870A1F06E707000EF0F6;
					};
				};
			};
			buildConfigurationList = 970387061F06E707000EF0F6 /* Build configuration list for PBXProject "Alexandria" */;
			compatibilityVersion = "Xcode 8.0";
			developmentRegion = en;
			hasScannedForEncodings = 0;
			knownRegions = (
				en,
				Base,
			);
			mainGroup = 970387021F06E707000EF0F6;
			productRefGroup = 9703870C1F06E707000EF0F6 /* Products */;
			projectDirPath = "";
			projectRoot = "";
			targets = (
				9703870A1F06E707000EF0F6 /* Alexandria */,
				970387211F06E707000EF0F6 /* AlexandriaTests */,
				9703872C1F06E707000EF0F6 /* AlexandriaUITests */,
			);
		};
/* End PBXProject section */

/* Begin PBXResourcesBuildPhase section */
		970387091F06E707000EF0F6 /* Resources */ = {
			isa = PBXResourcesBuildPhase;
			buildActionMask = 2147483647;
			files = (
				9703871C1F06E707000EF0F6 /* LaunchScreen.storyboard in Resources */,
				970387191F06E707000EF0F6 /* Assets.xcassets in Resources */,
			);
			runOnlyForDeploymentPostprocessing = 0;
		};
		970387201F06E707000EF0F6 /* Resources */ = {
			isa = PBXResourcesBuildPhase;
			buildActionMask = 2147483647;
			files = (
			);
			runOnlyForDeploymentPostprocessing = 0;
		};
		9703872B1F06E707000EF0F6 /* Resources */ = {
			isa = PBXResourcesBuildPhase;
			buildActionMask = 2147483647;
			files = (
			);
			runOnlyForDeploymentPostprocessing = 0;
		};
/* End PBXResourcesBuildPhase section */

/* Begin PBXShellScriptBuildPhase section */
		9795B3411F09BB5400419EC3 /* Commit Logging */ = {
			isa = PBXShellScriptBuildPhase;
			buildActionMask = 2147483647;
			files = (
			);
			inputPaths = (
			);
			name = "Commit Logging";
			outputPaths = (
			);
			runOnlyForDeploymentPostprocessing = 0;
			shellPath = /bin/sh;
			shellScript = "# Copied from: http://blog.jaredsinclair.com/post/97193356620/the-best-of-all-possible-xcode-automated-build#fn:p97193356620-1\n# Set the build number to the current git commit count.\n# If we're using the Dev scheme, then we'll suffix the build\n# number with the current branch name, to make collisions\n# far less likely across feature branches.\n# Based on: http://w3facility.info/question/how-do-i-force-xcode-to-rebuild-the-info-plist-file-in-my-project-every-time-i-build-the-project/\n#\n# Updated with dSYM handling from http://yellowfeather.co.uk/blog/auto-incrementing-build-number-in-xcode-revisited/\n#\n\ngit=`sh /etc/profile; which git`\nappBuild=`\"$git\" rev-list HEAD --count`\nif [ $CONFIGURATION = \"Debug\" ]; then\nbranchName=`\"$git\" rev-parse --abbrev-ref HEAD`\n/usr/libexec/PlistBuddy -c \"Set :CFBundleVersion $appBuild\" \"${TARGET_BUILD_DIR}/${INFOPLIST_PATH}\"\n/usr/libexec/PlistBuddy -c \"Set :CFBundleVersion $appBuild\" \"${BUILT_PRODUCTS_DIR}/${WRAPPER_NAME}.dSYM/Contents/Info.plist\"\nelse\n/usr/libexec/PlistBuddy -c \"Set :CFBundleVersion $appBuild\" \"${TARGET_BUILD_DIR}/${INFOPLIST_PATH}\"\n/usr/libexec/PlistBuddy -c \"Set :CFBundleVersion $appBuild\" \"${BUILT_PRODUCTS_DIR}/${WRAPPER_NAME}.dSYM/Contents/Info.plist\"\nfi\necho \"Incremented the build number ${TARGET_BUILD_DIR}/${INFOPLIST_PATH}\"";
		};
		97B626631F06F95800A07463 /* ShellScript */ = {
			isa = PBXShellScriptBuildPhase;
			buildActionMask = 2147483647;
			files = (
			);
			inputPaths = (
				"$(SRCROOT)/Carthage/Build/iOS/OAuthSwift.framework",
				"$(SRCROOT)/Carthage/Build/iOS/Locksmith.framework",
				"$(SRCROOT)/Carthage/Build/iOS/SWXMLHash.framework",
				"$(SRCROOT)/Carthage/Build/iOS/CryptoSwift.framework",
			);
			outputPaths = (
				"$(BUILT_PRODUCTS_DIR)/$(FRAMEWORKS_FOLDER_PATH)/OAuthSwift.framework",
				"$(BUILT_PRODUCTS_DIR)/$(FRAMEWORKS_FOLDER_PATH)/Locksmith.framework",
				"$(BUILT_PRODUCTS_DIR)/$(FRAMEWORKS_FOLDER_PATH)/SWXMLHash.framework",
				"$(BUILT_PRODUCTS_DIR)/$(FRAMEWORKS_FOLDER_PATH)/CryptoSwift.framework",
			);
			runOnlyForDeploymentPostprocessing = 0;
			shellPath = /bin/sh;
			shellScript = "/usr/local/bin/carthage copy-frameworks";
		};
/* End PBXShellScriptBuildPhase section */

/* Begin PBXSourcesBuildPhase section */
		970387071F06E707000EF0F6 /* Sources */ = {
			isa = PBXSourcesBuildPhase;
			buildActionMask = 2147483647;
			files = (
				9705A2F81F192F3800F5E808 /* AmazonBookCover.swift in Sources */,
				972C2E341F0AC67300DBBF99 /* GoodreadsAuthor.swift in Sources */,
				97C0348C1F1979A1005AB8A8 /* CurrentlyReadingCell.swift in Sources */,
				9795B3401F09B97000419EC3 /* CoreDataStack.swift in Sources */,
				97FE596F1F16E59B0027FC1F /* AmazonProductAdvertising.swift in Sources */,
				97E319BF1F0A9CF500D6177B /* GoodreadsShelf.swift in Sources */,
				97AF9A4D1F0FFCE000337F99 /* SmallBookCoverDownloadOperation.swift in Sources */,
				9795B34E1F09C22A00419EC3 /* GoodreadsClient.swift in Sources */,
				97CE71D71F0F2EB200E955E5 /* BookCell.swift in Sources */,
				97E319BD1F0A8E4400D6177B /* AuthenticationCoordinator.swift in Sources */,
				97651D231F2BB91200E11E92 /* ListDataSource.swift in Sources */,
				97E319BA1F0A8C5100D6177B /* ShelfCoordinator.swift in Sources */,
				978BDD2F1F2B9D1D00F3A52C /* ListController.swift in Sources */,
				970387111F06E707000EF0F6 /* ViewController.swift in Sources */,
				97AF9A511F10206500337F99 /* GoodreadsWork.swift in Sources */,
				972C2E301F0AC16000DBBF99 /* GoodreadsReview.swift in Sources */,
				972C2E321F0AC43700DBBF99 /* GoodreadsBook.swift in Sources */,
				970387171F06E707000EF0F6 /* Alexandria.xcdatamodeld in Sources */,
				9705A2F61F192E7000F5E808 /* AmazonClient.swift in Sources */,
				9795B3501F09C24000419EC3 /* Result.swift in Sources */,
				97C2E6191F0FD30000EC8977 /* LoadAllShelvesOperation.swift in Sources */,
				978BDD291F2B895200F3A52C /* ShelvesListHeaderView.swift in Sources */,
				9795B3541F0A769B00419EC3 /* GoodreadsUser.swift in Sources */,
				97CE71DE1F0FB03700E955E5 /* ShelfReviewsOperation.swift in Sources */,
				97CE71DA1F0FAC0E00E955E5 /* AllShelvesOperation.swift in Sources */,
				9705A2F41F192E0F00F5E808 /* String+Encoding.swift in Sources */,
				9795B33D1F09B8CF00419EC3 /* Coordinator.swift in Sources */,
				97C2E61B1F0FE43300EC8977 /* ListCell.swift in Sources */,
				9795B3431F09BB7400419EC3 /* AppCoordinator.swift in Sources */,
				97F4A4141F096F3B0040DC1A /* GoodreadsAccount.swift in Sources */,
				9795B3521F0A75B500419EC3 /* APIError.swift in Sources */,
				9795B3481F09BF7900419EC3 /* Goodreads.swift in Sources */,
				97C2E61D1F0FE5CD00EC8977 /* ListCollectionView.swift in Sources */,
				97EB7E041F223135008360DE /* DelayAsyncOperation.swift in Sources */,
				97CE71DC1F0FAC1C00E955E5 /* AsynchronousOperation.swift in Sources */,
				97E319B81F0A871700D6177B /* GoodreadsKeychain.swift in Sources */,
				9795B3451F09BDB900419EC3 /* ShelfController.swift in Sources */,
				97F4A4171F0972980040DC1A /* LoginViewController.swift in Sources */,
				9703870F1F06E707000EF0F6 /* AppDelegate.swift in Sources */,
				97CE71D51F0F2CCB00E955E5 /* Shelf.swift in Sources */,
				97AF9A531F1031BB00337F99 /* Array+Helpers.swift in Sources */,
				97AF9A4F1F1007FE00337F99 /* BookCoverDownloadOperation.swift in Sources */,
				978BDD2D1F2B990300F3A52C /* ListCoordinator.swift in Sources */,
				97CE71D31F0F2B7500E955E5 /* ShelfListDataSource.swift in Sources */,
				9795B34C1F09C01E00419EC3 /* Endpoint.swift in Sources */,
				9795B34A1F09BFA300419EC3 /* URLQueryItem+Extensions.swift in Sources */,
			);
			runOnlyForDeploymentPostprocessing = 0;
		};
		9703871E1F06E707000EF0F6 /* Sources */ = {
			isa = PBXSourcesBuildPhase;
			buildActionMask = 2147483647;
			files = (
				970387271F06E707000EF0F6 /* AlexandriaTests.swift in Sources */,
			);
			runOnlyForDeploymentPostprocessing = 0;
		};
		970387291F06E707000EF0F6 /* Sources */ = {
			isa = PBXSourcesBuildPhase;
			buildActionMask = 2147483647;
			files = (
				970387321F06E707000EF0F6 /* AlexandriaUITests.swift in Sources */,
			);
			runOnlyForDeploymentPostprocessing = 0;
		};
/* End PBXSourcesBuildPhase section */

/* Begin PBXTargetDependency section */
		970387241F06E707000EF0F6 /* PBXTargetDependency */ = {
			isa = PBXTargetDependency;
			target = 9703870A1F06E707000EF0F6 /* Alexandria */;
			targetProxy = 970387231F06E707000EF0F6 /* PBXContainerItemProxy */;
		};
		9703872F1F06E707000EF0F6 /* PBXTargetDependency */ = {
			isa = PBXTargetDependency;
			target = 9703870A1F06E707000EF0F6 /* Alexandria */;
			targetProxy = 9703872E1F06E707000EF0F6 /* PBXContainerItemProxy */;
		};
/* End PBXTargetDependency section */

/* Begin PBXVariantGroup section */
		9703871A1F06E707000EF0F6 /* LaunchScreen.storyboard */ = {
			isa = PBXVariantGroup;
			children = (
				9703871B1F06E707000EF0F6 /* Base */,
			);
			name = LaunchScreen.storyboard;
			sourceTree = "<group>";
		};
/* End PBXVariantGroup section */

/* Begin XCBuildConfiguration section */
		970387341F06E707000EF0F6 /* Debug */ = {
			isa = XCBuildConfiguration;
			buildSettings = {
				ALWAYS_SEARCH_USER_PATHS = NO;
				CLANG_ANALYZER_NONNULL = YES;
				CLANG_ANALYZER_NUMBER_OBJECT_CONVERSION = YES_AGGRESSIVE;
				CLANG_CXX_LANGUAGE_STANDARD = "gnu++14";
				CLANG_CXX_LIBRARY = "libc++";
				CLANG_ENABLE_MODULES = YES;
				CLANG_ENABLE_OBJC_ARC = YES;
				CLANG_WARN_BLOCK_CAPTURE_AUTORELEASING = YES;
				CLANG_WARN_BOOL_CONVERSION = YES;
				CLANG_WARN_COMMA = YES;
				CLANG_WARN_CONSTANT_CONVERSION = YES;
				CLANG_WARN_DIRECT_OBJC_ISA_USAGE = YES_ERROR;
				CLANG_WARN_DOCUMENTATION_COMMENTS = YES;
				CLANG_WARN_EMPTY_BODY = YES;
				CLANG_WARN_ENUM_CONVERSION = YES;
				CLANG_WARN_INFINITE_RECURSION = YES;
				CLANG_WARN_INT_CONVERSION = YES;
				CLANG_WARN_OBJC_ROOT_CLASS = YES_ERROR;
				CLANG_WARN_RANGE_LOOP_ANALYSIS = YES;
				CLANG_WARN_STRICT_PROTOTYPES = YES;
				CLANG_WARN_SUSPICIOUS_MOVE = YES;
				CLANG_WARN_UNGUARDED_AVAILABILITY = YES_AGGRESSIVE;
				CLANG_WARN_UNREACHABLE_CODE = YES;
				CLANG_WARN__DUPLICATE_METHOD_MATCH = YES;
				CODE_SIGN_IDENTITY = "iPhone Developer";
				COPY_PHASE_STRIP = NO;
				DEBUG_INFORMATION_FORMAT = dwarf;
				ENABLE_STRICT_OBJC_MSGSEND = YES;
				ENABLE_TESTABILITY = YES;
				GCC_C_LANGUAGE_STANDARD = gnu11;
				GCC_DYNAMIC_NO_PIC = NO;
				GCC_NO_COMMON_BLOCKS = YES;
				GCC_OPTIMIZATION_LEVEL = 0;
				GCC_PREPROCESSOR_DEFINITIONS = (
					"DEBUG=1",
					"$(inherited)",
				);
				GCC_WARN_64_TO_32_BIT_CONVERSION = YES;
				GCC_WARN_ABOUT_RETURN_TYPE = YES_ERROR;
				GCC_WARN_UNDECLARED_SELECTOR = YES;
				GCC_WARN_UNINITIALIZED_AUTOS = YES_AGGRESSIVE;
				GCC_WARN_UNUSED_FUNCTION = YES;
				GCC_WARN_UNUSED_VARIABLE = YES;
				IPHONEOS_DEPLOYMENT_TARGET = 11.0;
				MTL_ENABLE_DEBUG_INFO = YES;
				ONLY_ACTIVE_ARCH = YES;
				SDKROOT = iphoneos;
				SWIFT_ACTIVE_COMPILATION_CONDITIONS = DEBUG;
				SWIFT_OPTIMIZATION_LEVEL = "-Onone";
				SWIFT_VERSION = 4.0;
			};
			name = Debug;
		};
		970387351F06E707000EF0F6 /* Release */ = {
			isa = XCBuildConfiguration;
			buildSettings = {
				ALWAYS_SEARCH_USER_PATHS = NO;
				CLANG_ANALYZER_NONNULL = YES;
				CLANG_ANALYZER_NUMBER_OBJECT_CONVERSION = YES_AGGRESSIVE;
				CLANG_CXX_LANGUAGE_STANDARD = "gnu++14";
				CLANG_CXX_LIBRARY = "libc++";
				CLANG_ENABLE_MODULES = YES;
				CLANG_ENABLE_OBJC_ARC = YES;
				CLANG_WARN_BLOCK_CAPTURE_AUTORELEASING = YES;
				CLANG_WARN_BOOL_CONVERSION = YES;
				CLANG_WARN_COMMA = YES;
				CLANG_WARN_CONSTANT_CONVERSION = YES;
				CLANG_WARN_DIRECT_OBJC_ISA_USAGE = YES_ERROR;
				CLANG_WARN_DOCUMENTATION_COMMENTS = YES;
				CLANG_WARN_EMPTY_BODY = YES;
				CLANG_WARN_ENUM_CONVERSION = YES;
				CLANG_WARN_INFINITE_RECURSION = YES;
				CLANG_WARN_INT_CONVERSION = YES;
				CLANG_WARN_OBJC_ROOT_CLASS = YES_ERROR;
				CLANG_WARN_RANGE_LOOP_ANALYSIS = YES;
				CLANG_WARN_STRICT_PROTOTYPES = YES;
				CLANG_WARN_SUSPICIOUS_MOVE = YES;
				CLANG_WARN_UNGUARDED_AVAILABILITY = YES_AGGRESSIVE;
				CLANG_WARN_UNREACHABLE_CODE = YES;
				CLANG_WARN__DUPLICATE_METHOD_MATCH = YES;
				CODE_SIGN_IDENTITY = "iPhone Developer";
				COPY_PHASE_STRIP = NO;
				DEBUG_INFORMATION_FORMAT = "dwarf-with-dsym";
				ENABLE_NS_ASSERTIONS = NO;
				ENABLE_STRICT_OBJC_MSGSEND = YES;
				GCC_C_LANGUAGE_STANDARD = gnu11;
				GCC_NO_COMMON_BLOCKS = YES;
				GCC_WARN_64_TO_32_BIT_CONVERSION = YES;
				GCC_WARN_ABOUT_RETURN_TYPE = YES_ERROR;
				GCC_WARN_UNDECLARED_SELECTOR = YES;
				GCC_WARN_UNINITIALIZED_AUTOS = YES_AGGRESSIVE;
				GCC_WARN_UNUSED_FUNCTION = YES;
				GCC_WARN_UNUSED_VARIABLE = YES;
				IPHONEOS_DEPLOYMENT_TARGET = 11.0;
				MTL_ENABLE_DEBUG_INFO = NO;
				SDKROOT = iphoneos;
				SWIFT_OPTIMIZATION_LEVEL = "-Owholemodule";
				SWIFT_VERSION = 4.0;
				VALIDATE_PRODUCT = YES;
			};
			name = Release;
		};
		970387371F06E707000EF0F6 /* Debug */ = {
			isa = XCBuildConfiguration;
			buildSettings = {
				ASSETCATALOG_COMPILER_APPICON_NAME = AppIcon;
				DEVELOPMENT_TEAM = GCVMC536K4;
				FRAMEWORK_SEARCH_PATHS = (
					"$(inherited)",
					"$(PROJECT_DIR)/Carthage/Build/iOS",
				);
				INFOPLIST_FILE = Alexandria/Info.plist;
				LD_RUNPATH_SEARCH_PATHS = "$(inherited) @executable_path/Frameworks";
				PRODUCT_BUNDLE_IDENTIFIER = com.pasanpremaratne.Alexandria;
				PRODUCT_NAME = "$(TARGET_NAME)";
				SWIFT_VERSION = 4.0;
				TARGETED_DEVICE_FAMILY = "1,2";
			};
			name = Debug;
		};
		970387381F06E707000EF0F6 /* Release */ = {
			isa = XCBuildConfiguration;
			buildSettings = {
				ASSETCATALOG_COMPILER_APPICON_NAME = AppIcon;
				DEVELOPMENT_TEAM = GCVMC536K4;
				FRAMEWORK_SEARCH_PATHS = (
					"$(inherited)",
					"$(PROJECT_DIR)/Carthage/Build/iOS",
				);
				INFOPLIST_FILE = Alexandria/Info.plist;
				LD_RUNPATH_SEARCH_PATHS = "$(inherited) @executable_path/Frameworks";
				PRODUCT_BUNDLE_IDENTIFIER = com.pasanpremaratne.Alexandria;
				PRODUCT_NAME = "$(TARGET_NAME)";
				SWIFT_VERSION = 4.0;
				TARGETED_DEVICE_FAMILY = "1,2";
			};
			name = Release;
		};
		9703873A1F06E707000EF0F6 /* Debug */ = {
			isa = XCBuildConfiguration;
			buildSettings = {
				ALWAYS_EMBED_SWIFT_STANDARD_LIBRARIES = YES;
				BUNDLE_LOADER = "$(TEST_HOST)";
				DEVELOPMENT_TEAM = GCVMC536K4;
				INFOPLIST_FILE = AlexandriaTests/Info.plist;
				LD_RUNPATH_SEARCH_PATHS = "$(inherited) @executable_path/Frameworks @loader_path/Frameworks";
				PRODUCT_BUNDLE_IDENTIFIER = com.pasanpremaratne.AlexandriaTests;
				PRODUCT_NAME = "$(TARGET_NAME)";
				SWIFT_VERSION = 4.0;
				TARGETED_DEVICE_FAMILY = "1,2";
				TEST_HOST = "$(BUILT_PRODUCTS_DIR)/Alexandria.app/Alexandria";
			};
			name = Debug;
		};
		9703873B1F06E707000EF0F6 /* Release */ = {
			isa = XCBuildConfiguration;
			buildSettings = {
				ALWAYS_EMBED_SWIFT_STANDARD_LIBRARIES = YES;
				BUNDLE_LOADER = "$(TEST_HOST)";
				DEVELOPMENT_TEAM = GCVMC536K4;
				INFOPLIST_FILE = AlexandriaTests/Info.plist;
				LD_RUNPATH_SEARCH_PATHS = "$(inherited) @executable_path/Frameworks @loader_path/Frameworks";
				PRODUCT_BUNDLE_IDENTIFIER = com.pasanpremaratne.AlexandriaTests;
				PRODUCT_NAME = "$(TARGET_NAME)";
				SWIFT_VERSION = 4.0;
				TARGETED_DEVICE_FAMILY = "1,2";
				TEST_HOST = "$(BUILT_PRODUCTS_DIR)/Alexandria.app/Alexandria";
			};
			name = Release;
		};
		9703873D1F06E707000EF0F6 /* Debug */ = {
			isa = XCBuildConfiguration;
			buildSettings = {
				ALWAYS_EMBED_SWIFT_STANDARD_LIBRARIES = YES;
				DEVELOPMENT_TEAM = GCVMC536K4;
				INFOPLIST_FILE = AlexandriaUITests/Info.plist;
				LD_RUNPATH_SEARCH_PATHS = "$(inherited) @executable_path/Frameworks @loader_path/Frameworks";
				PRODUCT_BUNDLE_IDENTIFIER = com.pasanpremaratne.AlexandriaUITests;
				PRODUCT_NAME = "$(TARGET_NAME)";
				SWIFT_VERSION = 4.0;
				TARGETED_DEVICE_FAMILY = "1,2";
				TEST_TARGET_NAME = Alexandria;
			};
			name = Debug;
		};
		9703873E1F06E707000EF0F6 /* Release */ = {
			isa = XCBuildConfiguration;
			buildSettings = {
				ALWAYS_EMBED_SWIFT_STANDARD_LIBRARIES = YES;
				DEVELOPMENT_TEAM = GCVMC536K4;
				INFOPLIST_FILE = AlexandriaUITests/Info.plist;
				LD_RUNPATH_SEARCH_PATHS = "$(inherited) @executable_path/Frameworks @loader_path/Frameworks";
				PRODUCT_BUNDLE_IDENTIFIER = com.pasanpremaratne.AlexandriaUITests;
				PRODUCT_NAME = "$(TARGET_NAME)";
				SWIFT_VERSION = 4.0;
				TARGETED_DEVICE_FAMILY = "1,2";
				TEST_TARGET_NAME = Alexandria;
			};
			name = Release;
		};
/* End XCBuildConfiguration section */

/* Begin XCConfigurationList section */
		970387061F06E707000EF0F6 /* Build configuration list for PBXProject "Alexandria" */ = {
			isa = XCConfigurationList;
			buildConfigurations = (
				970387341F06E707000EF0F6 /* Debug */,
				970387351F06E707000EF0F6 /* Release */,
			);
			defaultConfigurationIsVisible = 0;
			defaultConfigurationName = Release;
		};
		970387361F06E707000EF0F6 /* Build configuration list for PBXNativeTarget "Alexandria" */ = {
			isa = XCConfigurationList;
			buildConfigurations = (
				970387371F06E707000EF0F6 /* Debug */,
				970387381F06E707000EF0F6 /* Release */,
			);
			defaultConfigurationIsVisible = 0;
			defaultConfigurationName = Release;
		};
		970387391F06E707000EF0F6 /* Build configuration list for PBXNativeTarget "AlexandriaTests" */ = {
			isa = XCConfigurationList;
			buildConfigurations = (
				9703873A1F06E707000EF0F6 /* Debug */,
				9703873B1F06E707000EF0F6 /* Release */,
			);
			defaultConfigurationIsVisible = 0;
			defaultConfigurationName = Release;
		};
		9703873C1F06E707000EF0F6 /* Build configuration list for PBXNativeTarget "AlexandriaUITests" */ = {
			isa = XCConfigurationList;
			buildConfigurations = (
				9703873D1F06E707000EF0F6 /* Debug */,
				9703873E1F06E707000EF0F6 /* Release */,
			);
			defaultConfigurationIsVisible = 0;
			defaultConfigurationName = Release;
		};
/* End XCConfigurationList section */

/* Begin XCVersionGroup section */
		970387151F06E707000EF0F6 /* Alexandria.xcdatamodeld */ = {
			isa = XCVersionGroup;
			children = (
				970387161F06E707000EF0F6 /* Alexandria.xcdatamodel */,
			);
			currentVersion = 970387161F06E707000EF0F6 /* Alexandria.xcdatamodel */;
			path = Alexandria.xcdatamodeld;
			sourceTree = "<group>";
			versionGroupType = wrapper.xcdatamodel;
		};
/* End XCVersionGroup section */
	};
	rootObject = 970387031F06E707000EF0F6 /* Project object */;
}
